
Microsoft Visual Studio Solution File, Format Version 12.00
# Visual Studio Version 16
VisualStudioVersion = 16.0.29709.97
MinimumVisualStudioVersion = 10.0.40219.1
Project("{9A19103F-16F7-4668-BE54-9A1E7A4F7556}") = "OHAZ204WebApp", "OHAZ204WebApp\OHAZ204WebApp.csproj", "{5343EC62-EE2F-4C6F-B2A6-87AD9A209F49}"
EndProject
Project("{FAE04EC0-301F-11D3-BF4B-00C04F79EFBC}") = "TraineesService", "TraineesService\TraineesService.csproj", "{3D2E4FED-3DC5-476B-BF2C-628DC7C7B0CF}"
EndProject
Global
	GlobalSection(SolutionConfigurationPlatforms) = preSolution
		Debug|Any CPU = Debug|Any CPU
		Release|Any CPU = Release|Any CPU
	EndGlobalSection
	GlobalSection(ProjectConfigurationPlatforms) = postSolution
		{5343EC62-EE2F-4C6F-B2A6-87AD9A209F49}.Debug|Any CPU.ActiveCfg = Debug|Any CPU
		{5343EC62-EE2F-4C6F-B2A6-87AD9A209F49}.Debug|Any CPU.Build.0 = Debug|Any CPU
		{5343EC62-EE2F-4C6F-B2A6-87AD9A209F49}.Release|Any CPU.ActiveCfg = Release|Any CPU
		{5343EC62-EE2F-4C6F-B2A6-87AD9A209F49}.Release|Any CPU.Build.0 = Release|Any CPU
		{3D2E4FED-3DC5-476B-BF2C-628DC7C7B0CF}.Debug|Any CPU.ActiveCfg = Debug|Any CPU
		{3D2E4FED-3DC5-476B-BF2C-628DC7C7B0CF}.Debug|Any CPU.Build.0 = Debug|Any CPU
		{3D2E4FED-3DC5-476B-BF2C-628DC7C7B0CF}.Release|Any CPU.ActiveCfg = Release|Any CPU
		{3D2E4FED-3DC5-476B-BF2C-628DC7C7B0CF}.Release|Any CPU.Build.0 = Release|Any CPU
	EndGlobalSection
	GlobalSection(SolutionProperties) = preSolution
		HideSolutionNode = FALSE
	EndGlobalSection
	GlobalSection(ExtensibilityGlobals) = postSolution
		SolutionGuid = {1076E886-4BE0-4119-B5AF-793CF28CF7B2}
	EndGlobalSection
EndGlobal
